// !$*UTF8*$!
{
	archiveVersion = 1;
	classes = {
	};
	objectVersion = 46;
	objects = {

/* Begin PBXBuildFile section */
		4A2B2D571D057C9500D3A575 /* main.m in Sources */ = {isa = PBXBuildFile; fileRef = 4A2B2D561D057C9500D3A575 /* main.m */; };
		4A2B2D5A1D057C9500D3A575 /* AppDelegate.m in Sources */ = {isa = PBXBuildFile; fileRef = 4A2B2D591D057C9500D3A575 /* AppDelegate.m */; };
		4A2B2D5D1D057C9500D3A575 /* ViewController.m in Sources */ = {isa = PBXBuildFile; fileRef = 4A2B2D5C1D057C9500D3A575 /* ViewController.m */; };
		4A2B2D601D057C9500D3A575 /* Main.storyboard in Resources */ = {isa = PBXBuildFile; fileRef = 4A2B2D5E1D057C9500D3A575 /* Main.storyboard */; };
		4A2B2D621D057C9500D3A575 /* Assets.xcassets in Resources */ = {isa = PBXBuildFile; fileRef = 4A2B2D611D057C9500D3A575 /* Assets.xcassets */; };
		4A2B2D651D057C9500D3A575 /* LaunchScreen.storyboard in Resources */ = {isa = PBXBuildFile; fileRef = 4A2B2D631D057C9500D3A575 /* LaunchScreen.storyboard */; };
		4A2B2D701D057C9500D3A575 /* LKStatusBarHUDExampleTests.m in Sources */ = {isa = PBXBuildFile; fileRef = 4A2B2D6F1D057C9500D3A575 /* LKStatusBarHUDExampleTests.m */; };
		4A2B2D7B1D057C9500D3A575 /* LKStatusBarHUDExampleUITests.m in Sources */ = {isa = PBXBuildFile; fileRef = 4A2B2D7A1D057C9500D3A575 /* LKStatusBarHUDExampleUITests.m */; };
		4A2B2D8C1D057DD500D3A575 /* LKStatusBarHUD.bundle in Resources */ = {isa = PBXBuildFile; fileRef = 4A2B2D891D057DD500D3A575 /* LKStatusBarHUD.bundle */; };
		4A2B2D8D1D057DD500D3A575 /* LKStatusBarHUD.m in Sources */ = {isa = PBXBuildFile; fileRef = 4A2B2D8B1D057DD500D3A575 /* LKStatusBarHUD.m */; };
/* End PBXBuildFile section */

/* Begin PBXContainerItemProxy section */
		4A2B2D6C1D057C9500D3A575 /* PBXContainerItemProxy */ = {
			isa = PBXContainerItemProxy;
			containerPortal = 4A2B2D4A1D057C9500D3A575 /* Project object */;
			proxyType = 1;
			remoteGlobalIDString = 4A2B2D511D057C9500D3A575;
			remoteInfo = LKStatusBarHUDExample;
		};
		4A2B2D771D057C9500D3A575 /* PBXContainerItemProxy */ = {
			isa = PBXContainerItemProxy;
			containerPortal = 4A2B2D4A1D057C9500D3A575 /* Project object */;
			proxyType = 1;
			remoteGlobalIDString = 4A2B2D511D057C9500D3A575;
			remoteInfo = LKStatusBarHUDExample;
		};
/* End PBXContainerItemProxy section */

/* Begin PBXFileReference section */
		4A2B2D521D057C9500D3A575 /* LKStatusBarHUDExample.app */ = {isa = PBXFileReference; explicitFileType = wrapper.application; includeInIndex = 0; path = LKStatusBarHUDExample.app; sourceTree = BUILT_PRODUCTS_DIR; };
		4A2B2D561D057C9500D3A575 /* main.m */ = {isa = PBXFileReference; lastKnownFileType = sourcecode.c.objc; path = main.m; sourceTree = "<group>"; };
		4A2B2D581D057C9500D3A575 /* AppDelegate.h */ = {isa = PBXFileReference; lastKnownFileType = sourcecode.c.h; path = AppDelegate.h; sourceTree = "<group>"; };
		4A2B2D591D057C9500D3A575 /* AppDelegate.m */ = {isa = PBXFileReference; lastKnownFileType = sourcecode.c.objc; path = AppDelegate.m; sourceTree = "<group>"; };
		4A2B2D5B1D057C9500D3A575 /* ViewController.h */ = {isa = PBXFileReference; lastKnownFileType = sourcecode.c.h; path = ViewController.h; sourceTree = "<group>"; };
		4A2B2D5C1D057C9500D3A575 /* ViewController.m */ = {isa = PBXFileReference; lastKnownFileType = sourcecode.c.objc; path = ViewController.m; sourceTree = "<group>"; };
		4A2B2D5F1D057C9500D3A575 /* Base */ = {isa = PBXFileReference; lastKnownFileType = file.storyboard; name = Base; path = Base.lproj/Main.storyboard; sourceTree = "<group>"; };
		4A2B2D611D057C9500D3A575 /* Assets.xcassets */ = {isa = PBXFileReference; lastKnownFileType = folder.assetcatalog; path = Assets.xcassets; sourceTree = "<group>"; };
		4A2B2D641D057C9500D3A575 /* Base */ = {isa = PBXFileReference; lastKnownFileType = file.storyboard; name = Base; path = Base.lproj/LaunchScreen.storyboard; sourceTree = "<group>"; };
		4A2B2D661D057C9500D3A575 /* Info.plist */ = {isa = PBXFileReference; lastKnownFileType = text.plist.xml; path = Info.plist; sourceTree = "<group>"; };
		4A2B2D6B1D057C9500D3A575 /* LKStatusBarHUDExampleTests.xctest */ = {isa = PBXFileReference; explicitFileType = wrapper.cfbundle; includeInIndex = 0; path = LKStatusBarHUDExampleTests.xctest; sourceTree = BUILT_PRODUCTS_DIR; };
		4A2B2D6F1D057C9500D3A575 /* LKStatusBarHUDExampleTests.m */ = {isa = PBXFileReference; lastKnownFileType = sourcecode.c.objc; path = LKStatusBarHUDExampleTests.m; sourceTree = "<group>"; };
		4A2B2D711D057C9500D3A575 /* Info.plist */ = {isa = PBXFileReference; lastKnownFileType = text.plist.xml; path = Info.plist; sourceTree = "<group>"; };
		4A2B2D761D057C9500D3A575 /* LKStatusBarHUDExampleUITests.xctest */ = {isa = PBXFileReference; explicitFileType = wrapper.cfbundle; includeInIndex = 0; path = LKStatusBarHUDExampleUITests.xctest; sourceTree = BUILT_PRODUCTS_DIR; };
		4A2B2D7A1D057C9500D3A575 /* LKStatusBarHUDExampleUITests.m */ = {isa = PBXFileReference; lastKnownFileType = sourcecode.c.objc; path = LKStatusBarHUDExampleUITests.m; sourceTree = "<group>"; };
		4A2B2D7C1D057C9500D3A575 /* Info.plist */ = {isa = PBXFileReference; lastKnownFileType = text.plist.xml; path = Info.plist; sourceTree = "<group>"; };
		4A2B2D891D057DD500D3A575 /* LKStatusBarHUD.bundle */ = {isa = PBXFileReference; lastKnownFileType = "wrapper.plug-in"; path = LKStatusBarHUD.bundle; sourceTree = "<group>"; };
		4A2B2D8A1D057DD500D3A575 /* LKStatusBarHUD.h */ = {isa = PBXFileReference; fileEncoding = 4; lastKnownFileType = sourcecode.c.h; path = LKStatusBarHUD.h; sourceTree = "<group>"; };
		4A2B2D8B1D057DD500D3A575 /* LKStatusBarHUD.m */ = {isa = PBXFileReference; fileEncoding = 4; lastKnownFileType = sourcecode.c.objc; path = LKStatusBarHUD.m; sourceTree = "<group>"; };
/* End PBXFileReference section */

/* Begin PBXFrameworksBuildPhase section */
		4A2B2D4F1D057C9500D3A575 /* Frameworks */ = {
			isa = PBXFrameworksBuildPhase;
			buildActionMask = 2147483647;
			files = (
			);
			runOnlyForDeploymentPostprocessing = 0;
		};
		4A2B2D681D057C9500D3A575 /* Frameworks */ = {
			isa = PBXFrameworksBuildPhase;
			buildActionMask = 2147483647;
			files = (
			);
			runOnlyForDeploymentPostprocessing = 0;
		};
		4A2B2D731D057C9500D3A575 /* Frameworks */ = {
			isa = PBXFrameworksBuildPhase;
			buildActionMask = 2147483647;
			files = (
			);
			runOnlyForDeploymentPostprocessing = 0;
		};
/* End PBXFrameworksBuildPhase section */

/* Begin PBXGroup section */
		4A2B2D491D057C9500D3A575 = {
			isa = PBXGroup;
			children = (
				4A2B2D541D057C9500D3A575 /* LKStatusBarHUDExample */,
				4A2B2D6E1D057C9500D3A575 /* LKStatusBarHUDExampleTests */,
				4A2B2D791D057C9500D3A575 /* LKStatusBarHUDExampleUITests */,
				4A2B2D531D057C9500D3A575 /* Products */,
			);
			sourceTree = "<group>";
		};
		4A2B2D531D057C9500D3A575 /* Products */ = {
			isa = PBXGroup;
			children = (
				4A2B2D521D057C9500D3A575 /* LKStatusBarHUDExample.app */,
				4A2B2D6B1D057C9500D3A575 /* LKStatusBarHUDExampleTests.xctest */,
				4A2B2D761D057C9500D3A575 /* LKStatusBarHUDExampleUITests.xctest */,
			);
			name = Products;
			sourceTree = "<group>";
		};
		4A2B2D541D057C9500D3A575 /* LKStatusBarHUDExample */ = {
			isa = PBXGroup;
			children = (
				4A2B2D881D057DD500D3A575 /* LKStatusBarHUD */,
				4A2B2D581D057C9500D3A575 /* AppDelegate.h */,
				4A2B2D591D057C9500D3A575 /* AppDelegate.m */,
				4A2B2D5B1D057C9500D3A575 /* ViewController.h */,
				4A2B2D5C1D057C9500D3A575 /* ViewController.m */,
				4A2B2D5E1D057C9500D3A575 /* Main.storyboard */,
				4A2B2D611D057C9500D3A575 /* Assets.xcassets */,
				4A2B2D631D057C9500D3A575 /* LaunchScreen.storyboard */,
				4A2B2D661D057C9500D3A575 /* Info.plist */,
				4A2B2D551D057C9500D3A575 /* Supporting Files */,
			);
			path = LKStatusBarHUDExample;
			sourceTree = "<group>";
		};
		4A2B2D551D057C9500D3A575 /* Supporting Files */ = {
			isa = PBXGroup;
			children = (
				4A2B2D561D057C9500D3A575 /* main.m */,
			);
			name = "Supporting Files";
			sourceTree = "<group>";
		};
		4A2B2D6E1D057C9500D3A575 /* LKStatusBarHUDExampleTests */ = {
			isa = PBXGroup;
			children = (
				4A2B2D6F1D057C9500D3A575 /* LKStatusBarHUDExampleTests.m */,
				4A2B2D711D057C9500D3A575 /* Info.plist */,
			);
			path = LKStatusBarHUDExampleTests;
			sourceTree = "<group>";
		};
		4A2B2D791D057C9500D3A575 /* LKStatusBarHUDExampleUITests */ = {
			isa = PBXGroup;
			children = (
				4A2B2D7A1D057C9500D3A575 /* LKStatusBarHUDExampleUITests.m */,
				4A2B2D7C1D057C9500D3A575 /* Info.plist */,
			);
			path = LKStatusBarHUDExampleUITests;
			sourceTree = "<group>";
		};
		4A2B2D881D057DD500D3A575 /* LKStatusBarHUD */ = {
			isa = PBXGroup;
			children = (
				4A2B2D891D057DD500D3A575 /* LKStatusBarHUD.bundle */,
				4A2B2D8A1D057DD500D3A575 /* LKStatusBarHUD.h */,
				4A2B2D8B1D057DD500D3A575 /* LKStatusBarHUD.m */,
			);
			name = LKStatusBarHUD;
			path = ../../LKStatusBarHUD;
			sourceTree = "<group>";
		};
/* End PBXGroup section */

/* Begin PBXNativeTarget section */
		4A2B2D511D057C9500D3A575 /* LKStatusBarHUDExample */ = {
			isa = PBXNativeTarget;
			buildConfigurationList = 4A2B2D7F1D057C9500D3A575 /* Build configuration list for PBXNativeTarget "LKStatusBarHUDExample" */;
			buildPhases = (
				4A2B2D4E1D057C9500D3A575 /* Sources */,
				4A2B2D4F1D057C9500D3A575 /* Frameworks */,
				4A2B2D501D057C9500D3A575 /* Resources */,
			);
			buildRules = (
			);
			dependencies = (
			);
			name = LKStatusBarHUDExample;
			productName = LKStatusBarHUDExample;
			productReference = 4A2B2D521D057C9500D3A575 /* LKStatusBarHUDExample.app */;
			productType = "com.apple.product-type.application";
		};
		4A2B2D6A1D057C9500D3A575 /* LKStatusBarHUDExampleTests */ = {
			isa = PBXNativeTarget;
			buildConfigurationList = 4A2B2D821D057C9500D3A575 /* Build configuration list for PBXNativeTarget "LKStatusBarHUDExampleTests" */;
			buildPhases = (
				4A2B2D671D057C9500D3A575 /* Sources */,
				4A2B2D681D057C9500D3A575 /* Frameworks */,
				4A2B2D691D057C9500D3A575 /* Resources */,
			);
			buildRules = (
			);
			dependencies = (
				4A2B2D6D1D057C9500D3A575 /* PBXTargetDependency */,
			);
			name = LKStatusBarHUDExampleTests;
			productName = LKStatusBarHUDExampleTests;
			productReference = 4A2B2D6B1D057C9500D3A575 /* LKStatusBarHUDExampleTests.xctest */;
			productType = "com.apple.product-type.bundle.unit-test";
		};
		4A2B2D751D057C9500D3A575 /* LKStatusBarHUDExampleUITests */ = {
			isa = PBXNativeTarget;
			buildConfigurationList = 4A2B2D851D057C9500D3A575 /* Build configuration list for PBXNativeTarget "LKStatusBarHUDExampleUITests" */;
			buildPhases = (
				4A2B2D721D057C9500D3A575 /* Sources */,
				4A2B2D731D057C9500D3A575 /* Frameworks */,
				4A2B2D741D057C9500D3A575 /* Resources */,
			);
			buildRules = (
			);
			dependencies = (
				4A2B2D781D057C9500D3A575 /* PBXTargetDependency */,
			);
			name = LKStatusBarHUDExampleUITests;
			productName = LKStatusBarHUDExampleUITests;
			productReference = 4A2B2D761D057C9500D3A575 /* LKStatusBarHUDExampleUITests.xctest */;
			productType = "com.apple.product-type.bundle.ui-testing";
		};
/* End PBXNativeTarget section */

/* Begin PBXProject section */
		4A2B2D4A1D057C9500D3A575 /* Project object */ = {
			isa = PBXProject;
			attributes = {
				LastUpgradeCheck = 0730;
				ORGANIZATIONNAME = "Kai Liu";
				TargetAttributes = {
					4A2B2D511D057C9500D3A575 = {
						CreatedOnToolsVersion = 7.3.1;
					};
					4A2B2D6A1D057C9500D3A575 = {
						CreatedOnToolsVersion = 7.3.1;
						TestTargetID = 4A2B2D511D057C9500D3A575;
					};
					4A2B2D751D057C9500D3A575 = {
						CreatedOnToolsVersion = 7.3.1;
						TestTargetID = 4A2B2D511D057C9500D3A575;
					};
				};
			};
			buildConfigurationList = 4A2B2D4D1D057C9500D3A575 /* Build configuration list for PBXProject "LKStatusBarHUDExample" */;
			compatibilityVersion = "Xcode 3.2";
			developmentRegion = English;
			hasScannedForEncodings = 0;
			knownRegions = (
				en,
				Base,
			);
			mainGroup = 4A2B2D491D057C9500D3A575;
			productRefGroup = 4A2B2D531D057C9500D3A575 /* Products */;
			projectDirPath = "";
			projectRoot = "";
			targets = (
				4A2B2D511D057C9500D3A575 /* LKStatusBarHUDExample */,
				4A2B2D6A1D057C9500D3A575 /* LKStatusBarHUDExampleTests */,
				4A2B2D751D057C9500D3A575 /* LKStatusBarHUDExampleUITests */,
			);
		};
/* End PBXProject section */

/* Begin PBXResourcesBuildPhase section */
		4A2B2D501D057C9500D3A575 /* Resources */ = {
			isa = PBXResourcesBuildPhase;
			buildActionMask = 2147483647;
			files = (
				4A2B2D651D057C9500D3A575 /* LaunchScreen.storyboard in Resources */,
				4A2B2D621D057C9500D3A575 /* Assets.xcassets in Resources */,
				4A2B2D8C1D057DD500D3A575 /* LKStatusBarHUD.bundle in Resources */,
				4A2B2D601D057C9500D3A575 /* Main.storyboard in Resources */,
			);
			runOnlyForDeploymentPostprocessing = 0;
		};
		4A2B2D691D057C9500D3A575 /* Resources */ = {
			isa = PBXResourcesBuildPhase;
			buildActionMask = 2147483647;
			files = (
			);
			runOnlyForDeploymentPostprocessing = 0;
		};
		4A2B2D741D057C9500D3A575 /* Resources */ = {
			isa = PBXResourcesBuildPhase;
			buildActionMask = 2147483647;
			files = (
			);
			runOnlyForDeploymentPostprocessing = 0;
		};
/* End PBXResourcesBuildPhase section */

/* Begin PBXSourcesBuildPhase section */
		4A2B2D4E1D057C9500D3A575 /* Sources */ = {
			isa = PBXSourcesBuildPhase;
			buildActionMask = 2147483647;
			files = (
				4A2B2D8D1D057DD500D3A575 /* LKStatusBarHUD.m in Sources */,
				4A2B2D5D1D057C9500D3A575 /* ViewController.m in Sources */,
				4A2B2D5A1D057C9500D3A575 /* AppDelegate.m in Sources */,
				4A2B2D571D057C9500D3A575 /* main.m in Sources */,
			);
			runOnlyForDeploymentPostprocessing = 0;
		};
		4A2B2D671D057C9500D3A575 /* Sources */ = {
			isa = PBXSourcesBuildPhase;
			buildActionMask = 2147483647;
			files = (
				4A2B2D701D057C9500D3A575 /* LKStatusBarHUDExampleTests.m in Sources */,
			);
			runOnlyForDeploymentPostprocessing = 0;
		};
		4A2B2D721D057C9500D3A575 /* Sources */ = {
			isa = PBXSourcesBuildPhase;
			buildActionMask = 2147483647;
			files = (
				4A2B2D7B1D057C9500D3A575 /* LKStatusBarHUDExampleUITests.m in Sources */,
			);
			runOnlyForDeploymentPostprocessing = 0;
		};
/* End PBXSourcesBuildPhase section */

/* Begin PBXTargetDependency section */
		4A2B2D6D1D057C9500D3A575 /* PBXTargetDependency */ = {
			isa = PBXTargetDependency;
			target = 4A2B2D511D057C9500D3A575 /* LKStatusBarHUDExample */;
			targetProxy = 4A2B2D6C1D057C9500D3A575 /* PBXContainerItemProxy */;
		};
		4A2B2D781D057C9500D3A575 /* PBXTargetDependency */ = {
			isa = PBXTargetDependency;
			target = 4A2B2D511D057C9500D3A575 /* LKStatusBarHUDExample */;
			targetProxy = 4A2B2D771D057C9500D3A575 /* PBXContainerItemProxy */;
		};
/* End PBXTargetDependency section */

/* Begin PBXVariantGroup section */
		4A2B2D5E1D057C9500D3A575 /* Main.storyboard */ = {
			isa = PBXVariantGroup;
			children = (
				4A2B2D5F1D057C9500D3A575 /* Base */,
			);
			name = Main.storyboard;
			sourceTree = "<group>";
		};
		4A2B2D631D057C9500D3A575 /* LaunchScreen.storyboard */ = {
			isa = PBXVariantGroup;
			children = (
				4A2B2D641D057C9500D3A575 /* Base */,
			);
			name = LaunchScreen.storyboard;
			sourceTree = "<group>";
		};
/* End PBXVariantGroup section */

/* Begin XCBuildConfiguration section */
		4A2B2D7D1D057C9500D3A575 /* Debug */ = {
			isa = XCBuildConfiguration;
			buildSettings = {
				ALWAYS_SEARCH_USER_PATHS = NO;
				CLANG_ANALYZER_NONNULL = YES;
				CLANG_CXX_LANGUAGE_STANDARD = "gnu++0x";
				CLANG_CXX_LIBRARY = "libc++";
				CLANG_ENABLE_MODULES = YES;
				CLANG_ENABLE_OBJC_ARC = YES;
				CLANG_WARN_BOOL_CONVERSION = YES;
				CLANG_WARN_CONSTANT_CONVERSION = YES;
				CLANG_WARN_DIRECT_OBJC_ISA_USAGE = YES_ERROR;
				CLANG_WARN_EMPTY_BODY = YES;
				CLANG_WARN_ENUM_CONVERSION = YES;
				CLANG_WARN_INT_CONVERSION = YES;
				CLANG_WARN_OBJC_ROOT_CLASS = YES_ERROR;
				CLANG_WARN_UNREACHABLE_CODE = YES;
				CLANG_WARN__DUPLICATE_METHOD_MATCH = YES;
				"CODE_SIGN_IDENTITY[sdk=iphoneos*]" = "iPhone Developer";
				COPY_PHASE_STRIP = NO;
				DEBUG_INFORMATION_FORMAT = dwarf;
				ENABLE_STRICT_OBJC_MSGSEND = YES;
				ENABLE_TESTABILITY = YES;
				GCC_C_LANGUAGE_STANDARD = gnu99;
				GCC_DYNAMIC_NO_PIC = NO;
				GCC_NO_COMMON_BLOCKS = YES;
				GCC_OPTIMIZATION_LEVEL = 0;
				GCC_PREPROCESSOR_DEFINITIONS = (
					"DEBUG=1",
					"$(inherited)",
				);
				GCC_WARN_64_TO_32_BIT_CONVERSION = YES;
				GCC_WARN_ABOUT_RETURN_TYPE = YES_ERROR;
				GCC_WARN_UNDECLARED_SELECTOR = YES;
				GCC_WARN_UNINITIALIZED_AUTOS = YES_AGGRESSIVE;
				GCC_WARN_UNUSED_FUNCTION = YES;
				GCC_WARN_UNUSED_VARIABLE = YES;
				IPHONEOS_DEPLOYMENT_TARGET = 9.3;
				MTL_ENABLE_DEBUG_INFO = YES;
				ONLY_ACTIVE_ARCH = YES;
				SDKROOT = iphoneos;
				TARGETED_DEVICE_FAMILY = "1,2";
			};
			name = Debug;
		};
		4A2B2D7E1D057C9500D3A575 /* Release */ = {
			isa = XCBuildConfiguration;
			buildSettings = {
				ALWAYS_SEARCH_USER_PATHS = NO;
				CLANG_ANALYZER_NONNULL = YES;
				CLANG_CXX_LANGUAGE_STANDARD = "gnu++0x";
				CLANG_CXX_LIBRARY = "libc++";
				CLANG_ENABLE_MODULES = YES;
				CLANG_ENABLE_OBJC_ARC = YES;
				CLANG_WARN_BOOL_CONVERSION = YES;
				CLANG_WARN_CONSTANT_CONVERSION = YES;
				CLANG_WARN_DIRECT_OBJC_ISA_USAGE = YES_ERROR;
				CLANG_WARN_EMPTY_BODY = YES;
				CLANG_WARN_ENUM_CONVERSION = YES;
				CLANG_WARN_INT_CONVERSION = YES;
				CLANG_WARN_OBJC_ROOT_CLASS = YES_ERROR;
				CLANG_WARN_UNREACHABLE_CODE = YES;
				CLANG_WARN__DUPLICATE_METHOD_MATCH = YES;
				"CODE_SIGN_IDENTITY[sdk=iphoneos*]" = "iPhone Developer";
				COPY_PHASE_STRIP = NO;
				DEBUG_INFORMATION_FORMAT = "dwarf-with-dsym";
				ENABLE_NS_ASSERTIONS = NO;
				ENABLE_STRICT_OBJC_MSGSEND = YES;
				GCC_C_LANGUAGE_STANDARD = gnu99;
				GCC_NO_COMMON_BLOCKS = YES;
				GCC_WARN_64_TO_32_BIT_CONVERSION = YES;
				GCC_WARN_ABOUT_RETURN_TYPE = YES_ERROR;
				GCC_WARN_UNDECLARED_SELECTOR = YES;
				GCC_WARN_UNINITIALIZED_AUTOS = YES_AGGRESSIVE;
				GCC_WARN_UNUSED_FUNCTION = YES;
				GCC_WARN_UNUSED_VARIABLE = YES;
				IPHONEOS_DEPLOYMENT_TARGET = 9.3;
				MTL_ENABLE_DEBUG_INFO = NO;
				SDKROOT = iphoneos;
				TARGETED_DEVICE_FAMILY = "1,2";
				VALIDATE_PRODUCT = YES;
			};
			name = Release;
		};
		4A2B2D801D057C9500D3A575 /* Debug */ = {
			isa = XCBuildConfiguration;
			buildSettings = {
				ASSETCATALOG_COMPILER_APPICON_NAME = AppIcon;
				INFOPLIST_FILE = LKStatusBarHUDExample/Info.plist;
				LD_RUNPATH_SEARCH_PATHS = "$(inherited) @executable_path/Frameworks";
				PRODUCT_BUNDLE_IDENTIFIER = LK.LKStatusBarHUDExample;
				PRODUCT_NAME = "$(TARGET_NAME)";
			};
			name = Debug;
		};
		4A2B2D811D057C9500D3A575 /* Release */ = {
			isa = XCBuildConfiguration;
			buildSettings = {
				ASSETCATALOG_COMPILER_APPICON_NAME = AppIcon;
				INFOPLIST_FILE = LKStatusBarHUDExample/Info.plist;
				LD_RUNPATH_SEARCH_PATHS = "$(inherited) @executable_path/Frameworks";
				PRODUCT_BUNDLE_IDENTIFIER = LK.LKStatusBarHUDExample;
				PRODUCT_NAME = "$(TARGET_NAME)";
			};
			name = Release;
		};
		4A2B2D831D057C9500D3A575 /* Debug */ = {
			isa = XCBuildConfiguration;
			buildSettings = {
				BUNDLE_LOADER = "$(TEST_HOST)";
				INFOPLIST_FILE = LKStatusBarHUDExampleTests/Info.plist;
				LD_RUNPATH_SEARCH_PATHS = "$(inherited) @executable_path/Frameworks @loader_path/Frameworks";
				PRODUCT_BUNDLE_IDENTIFIER = LK.LKStatusBarHUDExampleTests;
				PRODUCT_NAME = "$(TARGET_NAME)";
				TEST_HOST = "$(BUILT_PRODUCTS_DIR)/LKStatusBarHUDExample.app/LKStatusBarHUDExample";
			};
			name = Debug;
		};
		4A2B2D841D057C9500D3A575 /* Release */ = {
			isa = XCBuildConfiguration;
			buildSettings = {
				BUNDLE_LOADER = "$(TEST_HOST)";
				INFOPLIST_FILE = LKStatusBarHUDExampleTests/Info.plist;
				LD_RUNPATH_SEARCH_PATHS = "$(inherited) @executable_path/Frameworks @loader_path/Frameworks";
				PRODUCT_BUNDLE_IDENTIFIER = LK.LKStatusBarHUDExampleTests;
				PRODUCT_NAME = "$(TARGET_NAME)";
				TEST_HOST = "$(BUILT_PRODUCTS_DIR)/LKStatusBarHUDExample.app/LKStatusBarHUDExample";
			};
			name = Release;
		};
		4A2B2D861D057C9500D3A575 /* Debug */ = {
			isa = XCBuildConfiguration;
			buildSettings = {
				INFOPLIST_FILE = LKStatusBarHUDExampleUITests/Info.plist;
				LD_RUNPATH_SEARCH_PATHS = "$(inherited) @executable_path/Frameworks @loader_path/Frameworks";
				PRODUCT_BUNDLE_IDENTIFIER = LK.LKStatusBarHUDExampleUITests;
				PRODUCT_NAME = "$(TARGET_NAME)";
				TEST_TARGET_NAME = LKStatusBarHUDExample;
			};
			name = Debug;
		};
		4A2B2D871D057C9500D3A575 /* Release */ = {
			isa = XCBuildConfiguration;
			buildSettings = {
				INFOPLIST_FILE = LKStatusBarHUDExampleUITests/Info.plist;
				LD_RUNPATH_SEARCH_PATHS = "$(inherited) @executable_path/Frameworks @loader_path/Frameworks";
				PRODUCT_BUNDLE_IDENTIFIER = LK.LKStatusBarHUDExampleUITests;
				PRODUCT_NAME = "$(TARGET_NAME)";
				TEST_TARGET_NAME = LKStatusBarHUDExample;
			};
			name = Release;
		};
/* End XCBuildConfiguration section */

/* Begin XCConfigurationList section */
		4A2B2D4D1D057C9500D3A575 /* Build configuration list for PBXProject "LKStatusBarHUDExample" */ = {
			isa = XCConfigurationList;
			buildConfigurations = (
				4A2B2D7D1D057C9500D3A575 /* Debug */,
				4A2B2D7E1D057C9500D3A575 /* Release */,
			);
			defaultConfigurationIsVisible = 0;
			defaultConfigurationName = Release;
		};
		4A2B2D7F1D057C9500D3A575 /* Build configuration list for PBXNativeTarget "LKStatusBarHUDExample" */ = {
			isa = XCConfigurationList;
			buildConfigurations = (
				4A2B2D801D057C9500D3A575 /* Debug */,
				4A2B2D811D057C9500D3A575 /* Release */,
			);
			defaultConfigurationIsVisible = 0;
			defaultConfigurationName = Release;
		};
		4A2B2D821D057C9500D3A575 /* Build configuration list for PBXNativeTarget "LKStatusBarHUDExampleTests" */ = {
			isa = XCConfigurationList;
			buildConfigurations = (
				4A2B2D831D057C9500D3A575 /* Debug */,
				4A2B2D841D057C9500D3A575 /* Release */,
			);
			defaultConfigurationIsVisible = 0;
			defaultConfigurationName = Release;
		};
		4A2B2D851D057C9500D3A575 /* Build configuration list for PBXNativeTarget "LKStatusBarHUDExampleUITests" */ = {
			isa = XCConfigurationList;
			buildConfigurations = (
				4A2B2D861D057C9500D3A575 /* Debug */,
				4A2B2D871D057C9500D3A575 /* Release */,
			);
			defaultConfigurationIsVisible = 0;
			defaultConfigurationName = Release;
		};
/* End XCConfigurationList section */
	};
	rootObject = 4A2B2D4A1D057C9500D3A575 /* Project object */;
}
